
Microsoft Visual Studio Solution File, Format Version 12.00
# Visual Studio Version 16
VisualStudioVersion = 16.0.30517.126
MinimumVisualStudioVersion = 10.0.40219.1
Project("{FAE04EC0-301F-11D3-BF4B-00C04F79EFBC}") = "PCC.Android", "PCC\PCC.Android\PCC.Android.csproj", "{849C8B8F-59BB-4A7B-82A0-8C560AA7AE01}"
EndProject
Project("{FAE04EC0-301F-11D3-BF4B-00C04F79EFBC}") = "PCC.iOS", "PCC\PCC.iOS\PCC.iOS.csproj", "{EB0A296E-0EB1-469F-9801-8F1F5A3B79B7}"
EndProject
Project("{9A19103F-16F7-4668-BE54-9A1E7A4F7556}") = "PCC", "PCC\PCC\PCC.csproj", "{624FC025-3623-430D-BCEA-66D107FFA64E}"
EndProject
Project("{2150E333-8FDC-42A3-9474-1A3956D46DE8}") = "APP", "APP", "{5D1A3379-3838-4319-84D6-157C583F087E}"
EndProject
Project("{2150E333-8FDC-42A3-9474-1A3956D46DE8}") = "API", "API", "{6283F0E3-8711-4597-AE1F-77BC8E8E8717}"
EndProject
Project("{FAE04EC0-301F-11D3-BF4B-00C04F79EFBC}") = "PCC.Windows", "PCC.Windows\PCC.Windows.csproj", "{67F5FD28-7BD0-45B1-B08B-105D8DB205D5}"
EndProject
Project("{9A19103F-16F7-4668-BE54-9A1E7A4F7556}") = "ApiXenartras", "ApiXenartras\ApiXenartras.csproj", "{5CCDE33E-B109-4977-B3C6-5B338C5EDEBA}"
EndProject
Project("{2150E333-8FDC-42A3-9474-1A3956D46DE8}") = "WEB", "WEB", "{C130FD37-9E9C-404A-9BD0-C8EFB79ECA94}"
EndProject
Project("{FAE04EC0-301F-11D3-BF4B-00C04F79EFBC}") = "WebXenartras", "WebXenartras\WebXenartras.csproj", "{13AE8740-21EC-4F13-8D23-854B8B3F5C43}"
EndProject
Global
	GlobalSection(SolutionConfigurationPlatforms) = preSolution
		Debug|Any CPU = Debug|Any CPU
		Debug|ARM = Debug|ARM
		Debug|ARM64 = Debug|ARM64
		Debug|iPhone = Debug|iPhone
		Debug|iPhoneSimulator = Debug|iPhoneSimulator
		Debug|x64 = Debug|x64
		Debug|x86 = Debug|x86
		Release|Any CPU = Release|Any CPU
		Release|ARM = Release|ARM
		Release|ARM64 = Release|ARM64
		Release|iPhone = Release|iPhone
		Release|iPhoneSimulator = Release|iPhoneSimulator
		Release|x64 = Release|x64
		Release|x86 = Release|x86
	EndGlobalSection
	GlobalSection(ProjectConfigurationPlatforms) = postSolution
		{849C8B8F-59BB-4A7B-82A0-8C560AA7AE01}.Debug|Any CPU.ActiveCfg = Debug|Any CPU
		{849C8B8F-59BB-4A7B-82A0-8C560AA7AE01}.Debug|Any CPU.Build.0 = Debug|Any CPU
		{849C8B8F-59BB-4A7B-82A0-8C560AA7AE01}.Debug|Any CPU.Deploy.0 = Debug|Any CPU
		{849C8B8F-59BB-4A7B-82A0-8C560AA7AE01}.Debug|ARM.ActiveCfg = Debug|Any CPU
		{849C8B8F-59BB-4A7B-82A0-8C560AA7AE01}.Debug|ARM.Build.0 = Debug|Any CPU
		{849C8B8F-59BB-4A7B-82A0-8C560AA7AE01}.Debug|ARM.Deploy.0 = Debug|Any CPU
		{849C8B8F-59BB-4A7B-82A0-8C560AA7AE01}.Debug|ARM64.ActiveCfg = Debug|Any CPU
		{849C8B8F-59BB-4A7B-82A0-8C560AA7AE01}.Debug|ARM64.Build.0 = Debug|Any CPU
		{849C8B8F-59BB-4A7B-82A0-8C560AA7AE01}.Debug|ARM64.Deploy.0 = Debug|Any CPU
		{849C8B8F-59BB-4A7B-82A0-8C560AA7AE01}.Debug|iPhone.ActiveCfg = Debug|Any CPU
		{849C8B8F-59BB-4A7B-82A0-8C560AA7AE01}.Debug|iPhone.Build.0 = Debug|Any CPU
		{849C8B8F-59BB-4A7B-82A0-8C560AA7AE01}.Debug|iPhone.Deploy.0 = Debug|Any CPU
		{849C8B8F-59BB-4A7B-82A0-8C560AA7AE01}.Debug|iPhoneSimulator.ActiveCfg = Debug|Any CPU
		{849C8B8F-59BB-4A7B-82A0-8C560AA7AE01}.Debug|iPhoneSimulator.Build.0 = Debug|Any CPU
		{849C8B8F-59BB-4A7B-82A0-8C560AA7AE01}.Debug|iPhoneSimulator.Deploy.0 = Debug|Any CPU
		{849C8B8F-59BB-4A7B-82A0-8C560AA7AE01}.Debug|x64.ActiveCfg = Debug|Any CPU
		{849C8B8F-59BB-4A7B-82A0-8C560AA7AE01}.Debug|x64.Build.0 = Debug|Any CPU
		{849C8B8F-59BB-4A7B-82A0-8C560AA7AE01}.Debug|x64.Deploy.0 = Debug|Any CPU
		{849C8B8F-59BB-4A7B-82A0-8C560AA7AE01}.Debug|x86.ActiveCfg = Debug|Any CPU
		{849C8B8F-59BB-4A7B-82A0-8C560AA7AE01}.Debug|x86.Build.0 = Debug|Any CPU
		{849C8B8F-59BB-4A7B-82A0-8C560AA7AE01}.Debug|x86.Deploy.0 = Debug|Any CPU
		{849C8B8F-59BB-4A7B-82A0-8C560AA7AE01}.Release|Any CPU.ActiveCfg = Release|Any CPU
		{849C8B8F-59BB-4A7B-82A0-8C560AA7AE01}.Release|Any CPU.Build.0 = Release|Any CPU
		{849C8B8F-59BB-4A7B-82A0-8C560AA7AE01}.Release|Any CPU.Deploy.0 = Release|Any CPU
		{849C8B8F-59BB-4A7B-82A0-8C560AA7AE01}.Release|ARM.ActiveCfg = Release|Any CPU
		{849C8B8F-59BB-4A7B-82A0-8C560AA7AE01}.Release|ARM.Build.0 = Release|Any CPU
		{849C8B8F-59BB-4A7B-82A0-8C560AA7AE01}.Release|ARM.Deploy.0 = Release|Any CPU
		{849C8B8F-59BB-4A7B-82A0-8C560AA7AE01}.Release|ARM64.ActiveCfg = Release|Any CPU
		{849C8B8F-59BB-4A7B-82A0-8C560AA7AE01}.Release|ARM64.Build.0 = Release|Any CPU
		{849C8B8F-59BB-4A7B-82A0-8C560AA7AE01}.Release|ARM64.Deploy.0 = Release|Any CPU
		{849C8B8F-59BB-4A7B-82A0-8C560AA7AE01}.Release|iPhone.ActiveCfg = Release|Any CPU
		{849C8B8F-59BB-4A7B-82A0-8C560AA7AE01}.Release|iPhone.Build.0 = Release|Any CPU
		{849C8B8F-59BB-4A7B-82A0-8C560AA7AE01}.Release|iPhone.Deploy.0 = Release|Any CPU
		{849C8B8F-59BB-4A7B-82A0-8C560AA7AE01}.Release|iPhoneSimulator.ActiveCfg = Release|Any CPU
		{849C8B8F-59BB-4A7B-82A0-8C560AA7AE01}.Release|iPhoneSimulator.Build.0 = Release|Any CPU
		{849C8B8F-59BB-4A7B-82A0-8C560AA7AE01}.Release|iPhoneSimulator.Deploy.0 = Release|Any CPU
		{849C8B8F-59BB-4A7B-82A0-8C560AA7AE01}.Release|x64.ActiveCfg = Release|Any CPU
		{849C8B8F-59BB-4A7B-82A0-8C560AA7AE01}.Release|x64.Build.0 = Release|Any CPU
		{849C8B8F-59BB-4A7B-82A0-8C560AA7AE01}.Release|x64.Deploy.0 = Release|Any CPU
		{849C8B8F-59BB-4A7B-82A0-8C560AA7AE01}.Release|x86.ActiveCfg = Release|Any CPU
		{849C8B8F-59BB-4A7B-82A0-8C560AA7AE01}.Release|x86.Build.0 = Release|Any CPU
		{849C8B8F-59BB-4A7B-82A0-8C560AA7AE01}.Release|x86.Deploy.0 = Release|Any CPU
		{EB0A296E-0EB1-469F-9801-8F1F5A3B79B7}.Debug|Any CPU.ActiveCfg = Debug|iPhone
		{EB0A296E-0EB1-469F-9801-8F1F5A3B79B7}.Debug|Any CPU.Build.0 = Debug|iPhone
		{EB0A296E-0EB1-469F-9801-8F1F5A3B79B7}.Debug|Any CPU.Deploy.0 = Debug|iPhone
		{EB0A296E-0EB1-469F-9801-8F1F5A3B79B7}.Debug|ARM.ActiveCfg = Debug|iPhoneSimulator
		{EB0A296E-0EB1-469F-9801-8F1F5A3B79B7}.Debug|ARM64.ActiveCfg = Debug|iPhoneSimulator
		{EB0A296E-0EB1-469F-9801-8F1F5A3B79B7}.Debug|iPhone.ActiveCfg = Debug|iPhone
		{EB0A296E-0EB1-469F-9801-8F1F5A3B79B7}.Debug|iPhone.Build.0 = Debug|iPhone
		{EB0A296E-0EB1-469F-9801-8F1F5A3B79B7}.Debug|iPhone.Deploy.0 = Debug|iPhone
		{EB0A296E-0EB1-469F-9801-8F1F5A3B79B7}.Debug|iPhoneSimulator.ActiveCfg = Debug|iPhoneSimulator
		{EB0A296E-0EB1-469F-9801-8F1F5A3B79B7}.Debug|iPhoneSimulator.Build.0 = Debug|iPhoneSimulator
		{EB0A296E-0EB1-469F-9801-8F1F5A3B79B7}.Debug|iPhoneSimulator.Deploy.0 = Debug|iPhoneSimulator
		{EB0A296E-0EB1-469F-9801-8F1F5A3B79B7}.Debug|x64.ActiveCfg = Debug|iPhoneSimulator
		{EB0A296E-0EB1-469F-9801-8F1F5A3B79B7}.Debug|x86.ActiveCfg = Debug|iPhoneSimulator
		{EB0A296E-0EB1-469F-9801-8F1F5A3B79B7}.Release|Any CPU.ActiveCfg = Release|iPhoneSimulator
		{EB0A296E-0EB1-469F-9801-8F1F5A3B79B7}.Release|Any CPU.Build.0 = Release|iPhoneSimulator
		{EB0A296E-0EB1-469F-9801-8F1F5A3B79B7}.Release|Any CPU.Deploy.0 = Release|iPhoneSimulator
		{EB0A296E-0EB1-469F-9801-8F1F5A3B79B7}.Release|ARM.ActiveCfg = Release|iPhone
		{EB0A296E-0EB1-469F-9801-8F1F5A3B79B7}.Release|ARM64.ActiveCfg = Release|iPhone
		{EB0A296E-0EB1-469F-9801-8F1F5A3B79B7}.Release|iPhone.ActiveCfg = Release|iPhone
		{EB0A296E-0EB1-469F-9801-8F1F5A3B79B7}.Release|iPhone.Build.0 = Release|iPhone
		{EB0A296E-0EB1-469F-9801-8F1F5A3B79B7}.Release|iPhone.Deploy.0 = Release|iPhone
		{EB0A296E-0EB1-469F-9801-8F1F5A3B79B7}.Release|iPhoneSimulator.ActiveCfg = Release|iPhoneSimulator
		{EB0A296E-0EB1-469F-9801-8F1F5A3B79B7}.Release|iPhoneSimulator.Build.0 = Release|iPhoneSimulator
		{EB0A296E-0EB1-469F-9801-8F1F5A3B79B7}.Release|iPhoneSimulator.Deploy.0 = Release|iPhoneSimulator
		{EB0A296E-0EB1-469F-9801-8F1F5A3B79B7}.Release|x64.ActiveCfg = Release|iPhone
		{EB0A296E-0EB1-469F-9801-8F1F5A3B79B7}.Release|x86.ActiveCfg = Release|iPhone
		{624FC025-3623-430D-BCEA-66D107FFA64E}.Debug|Any CPU.ActiveCfg = Debug|Any CPU
		{624FC025-3623-430D-BCEA-66D107FFA64E}.Debug|Any CPU.Build.0 = Debug|Any CPU
		{624FC025-3623-430D-BCEA-66D107FFA64E}.Debug|Any CPU.Deploy.0 = Debug|Any CPU
		{624FC025-3623-430D-BCEA-66D107FFA64E}.Debug|ARM.ActiveCfg = Debug|Any CPU
		{624FC025-3623-430D-BCEA-66D107FFA64E}.Debug|ARM.Build.0 = Debug|Any CPU
		{624FC025-3623-430D-BCEA-66D107FFA64E}.Debug|ARM64.ActiveCfg = Debug|Any CPU
		{624FC025-3623-430D-BCEA-66D107FFA64E}.Debug|ARM64.Build.0 = Debug|Any CPU
		{624FC025-3623-430D-BCEA-66D107FFA64E}.Debug|iPhone.ActiveCfg = Debug|Any CPU
		{624FC025-3623-430D-BCEA-66D107FFA64E}.Debug|iPhone.Build.0 = Debug|Any CPU
		{624FC025-3623-430D-BCEA-66D107FFA64E}.Debug|iPhone.Deploy.0 = Debug|Any CPU
		{624FC025-3623-430D-BCEA-66D107FFA64E}.Debug|iPhoneSimulator.ActiveCfg = Debug|Any CPU
		{624FC025-3623-430D-BCEA-66D107FFA64E}.Debug|iPhoneSimulator.Build.0 = Debug|Any CPU
		{624FC025-3623-430D-BCEA-66D107FFA64E}.Debug|iPhoneSimulator.Deploy.0 = Debug|Any CPU
		{624FC025-3623-430D-BCEA-66D107FFA64E}.Debug|x64.ActiveCfg = Debug|Any CPU
		{624FC025-3623-430D-BCEA-66D107FFA64E}.Debug|x64.Build.0 = Debug|Any CPU
		{624FC025-3623-430D-BCEA-66D107FFA64E}.Debug|x86.ActiveCfg = Debug|Any CPU
		{624FC025-3623-430D-BCEA-66D107FFA64E}.Debug|x86.Build.0 = Debug|Any CPU
		{624FC025-3623-430D-BCEA-66D107FFA64E}.Release|Any CPU.ActiveCfg = Release|Any CPU
		{624FC025-3623-430D-BCEA-66D107FFA64E}.Release|Any CPU.Build.0 = Release|Any CPU
		{624FC025-3623-430D-BCEA-66D107FFA64E}.Release|Any CPU.Deploy.0 = Release|Any CPU
		{624FC025-3623-430D-BCEA-66D107FFA64E}.Release|ARM.ActiveCfg = Release|Any CPU
		{624FC025-3623-430D-BCEA-66D107FFA64E}.Release|ARM.Build.0 = Release|Any CPU
		{624FC025-3623-430D-BCEA-66D107FFA64E}.Release|ARM64.ActiveCfg = Release|Any CPU
		{624FC025-3623-430D-BCEA-66D107FFA64E}.Release|ARM64.Build.0 = Release|Any CPU
		{624FC025-3623-430D-BCEA-66D107FFA64E}.Release|iPhone.ActiveCfg = Release|Any CPU
		{624FC025-3623-430D-BCEA-66D107FFA64E}.Release|iPhone.Build.0 = Release|Any CPU
		{624FC025-3623-430D-BCEA-66D107FFA64E}.Release|iPhone.Deploy.0 = Release|Any CPU
		{624FC025-3623-430D-BCEA-66D107FFA64E}.Release|iPhoneSimulator.ActiveCfg = Release|Any CPU
		{624FC025-3623-430D-BCEA-66D107FFA64E}.Release|iPhoneSimulator.Build.0 = Release|Any CPU
		{624FC025-3623-430D-BCEA-66D107FFA64E}.Release|iPhoneSimulator.Deploy.0 = Release|Any CPU
		{624FC025-3623-430D-BCEA-66D107FFA64E}.Release|x64.ActiveCfg = Release|Any CPU
		{624FC025-3623-430D-BCEA-66D107FFA64E}.Release|x64.Build.0 = Release|Any CPU
		{624FC025-3623-430D-BCEA-66D107FFA64E}.Release|x86.ActiveCfg = Release|Any CPU
		{624FC025-3623-430D-BCEA-66D107FFA64E}.Release|x86.Build.0 = Release|Any CPU
		{67F5FD28-7BD0-45B1-B08B-105D8DB205D5}.Debug|Any CPU.ActiveCfg = Debug|x86
		{67F5FD28-7BD0-45B1-B08B-105D8DB205D5}.Debug|Any CPU.Build.0 = Debug|x86
		{67F5FD28-7BD0-45B1-B08B-105D8DB205D5}.Debug|Any CPU.Deploy.0 = Debug|x86
		{67F5FD28-7BD0-45B1-B08B-105D8DB205D5}.Debug|ARM.ActiveCfg = Debug|ARM
		{67F5FD28-7BD0-45B1-B08B-105D8DB205D5}.Debug|ARM.Build.0 = Debug|ARM
		{67F5FD28-7BD0-45B1-B08B-105D8DB205D5}.Debug|ARM.Deploy.0 = Debug|ARM
		{67F5FD28-7BD0-45B1-B08B-105D8DB205D5}.Debug|ARM64.ActiveCfg = Debug|ARM64
		{67F5FD28-7BD0-45B1-B08B-105D8DB205D5}.Debug|ARM64.Build.0 = Debug|ARM64
		{67F5FD28-7BD0-45B1-B08B-105D8DB205D5}.Debug|ARM64.Deploy.0 = Debug|ARM64
		{67F5FD28-7BD0-45B1-B08B-105D8DB205D5}.Debug|iPhone.ActiveCfg = Debug|x86
		{67F5FD28-7BD0-45B1-B08B-105D8DB205D5}.Debug|iPhoneSimulator.ActiveCfg = Debug|x86
		{67F5FD28-7BD0-45B1-B08B-105D8DB205D5}.Debug|x64.ActiveCfg = Debug|x64
		{67F5FD28-7BD0-45B1-B08B-105D8DB205D5}.Debug|x64.Build.0 = Debug|x64
		{67F5FD28-7BD0-45B1-B08B-105D8DB205D5}.Debug|x64.Deploy.0 = Debug|x64
		{67F5FD28-7BD0-45B1-B08B-105D8DB205D5}.Debug|x86.ActiveCfg = Debug|x86
		{67F5FD28-7BD0-45B1-B08B-105D8DB205D5}.Debug|x86.Build.0 = Debug|x86
		{67F5FD28-7BD0-45B1-B08B-105D8DB205D5}.Debug|x86.Deploy.0 = Debug|x86
		{67F5FD28-7BD0-45B1-B08B-105D8DB205D5}.Release|Any CPU.ActiveCfg = Release|x86
		{67F5FD28-7BD0-45B1-B08B-105D8DB205D5}.Release|ARM.ActiveCfg = Release|ARM
		{67F5FD28-7BD0-45B1-B08B-105D8DB205D5}.Release|ARM.Build.0 = Release|ARM
		{67F5FD28-7BD0-45B1-B08B-105D8DB205D5}.Release|ARM.Deploy.0 = Release|ARM
		{67F5FD28-7BD0-45B1-B08B-105D8DB205D5}.Release|ARM64.ActiveCfg = Release|ARM64
		{67F5FD28-7BD0-45B1-B08B-105D8DB205D5}.Release|ARM64.Build.0 = Release|ARM64
		{67F5FD28-7BD0-45B1-B08B-105D8DB205D5}.Release|ARM64.Deploy.0 = Release|ARM64
		{67F5FD28-7BD0-45B1-B08B-105D8DB205D5}.Release|iPhone.ActiveCfg = Release|x86
		{67F5FD28-7BD0-45B1-B08B-105D8DB205D5}.Release|iPhoneSimulator.ActiveCfg = Release|x86
		{67F5FD28-7BD0-45B1-B08B-105D8DB205D5}.Release|x64.ActiveCfg = Release|x64
		{67F5FD28-7BD0-45B1-B08B-105D8DB205D5}.Release|x64.Build.0 = Release|x64
		{67F5FD28-7BD0-45B1-B08B-105D8DB205D5}.Release|x64.Deploy.0 = Release|x64
		{67F5FD28-7BD0-45B1-B08B-105D8DB205D5}.Release|x86.ActiveCfg = Release|x86
		{67F5FD28-7BD0-45B1-B08B-105D8DB205D5}.Release|x86.Build.0 = Release|x86
		{67F5FD28-7BD0-45B1-B08B-105D8DB205D5}.Release|x86.Deploy.0 = Release|x86
		{5CCDE33E-B109-4977-B3C6-5B338C5EDEBA}.Debug|Any CPU.ActiveCfg = Debug|Any CPU
		{5CCDE33E-B109-4977-B3C6-5B338C5EDEBA}.Debug|Any CPU.Build.0 = Debug|Any CPU
		{5CCDE33E-B109-4977-B3C6-5B338C5EDEBA}.Debug|ARM.ActiveCfg = Debug|Any CPU
		{5CCDE33E-B109-4977-B3C6-5B338C5EDEBA}.Debug|ARM.Build.0 = Debug|Any CPU
		{5CCDE33E-B109-4977-B3C6-5B338C5EDEBA}.Debug|ARM64.ActiveCfg = Debug|Any CPU
		{5CCDE33E-B109-4977-B3C6-5B338C5EDEBA}.Debug|ARM64.Build.0 = Debug|Any CPU
		{5CCDE33E-B109-4977-B3C6-5B338C5EDEBA}.Debug|iPhone.ActiveCfg = Debug|Any CPU
		{5CCDE33E-B109-4977-B3C6-5B338C5EDEBA}.Debug|iPhone.Build.0 = Debug|Any CPU
		{5CCDE33E-B109-4977-B3C6-5B338C5EDEBA}.Debug|iPhoneSimulator.ActiveCfg = Debug|Any CPU
		{5CCDE33E-B109-4977-B3C6-5B338C5EDEBA}.Debug|iPhoneSimulator.Build.0 = Debug|Any CPU
		{5CCDE33E-B109-4977-B3C6-5B338C5EDEBA}.Debug|x64.ActiveCfg = Debug|Any CPU
		{5CCDE33E-B109-4977-B3C6-5B338C5EDEBA}.Debug|x64.Build.0 = Debug|Any CPU
		{5CCDE33E-B109-4977-B3C6-5B338C5EDEBA}.Debug|x86.ActiveCfg = Debug|Any CPU
		{5CCDE33E-B109-4977-B3C6-5B338C5EDEBA}.Debug|x86.Build.0 = Debug|Any CPU
		{5CCDE33E-B109-4977-B3C6-5B338C5EDEBA}.Release|Any CPU.ActiveCfg = Release|Any CPU
		{5CCDE33E-B109-4977-B3C6-5B338C5EDEBA}.Release|Any CPU.Build.0 = Release|Any CPU
		{5CCDE33E-B109-4977-B3C6-5B338C5EDEBA}.Release|ARM.ActiveCfg = Release|Any CPU
		{5CCDE33E-B109-4977-B3C6-5B338C5EDEBA}.Release|ARM.Build.0 = Release|Any CPU
		{5CCDE33E-B109-4977-B3C6-5B338C5EDEBA}.Release|ARM64.ActiveCfg = Release|Any CPU
		{5CCDE33E-B109-4977-B3C6-5B338C5EDEBA}.Release|ARM64.Build.0 = Release|Any CPU
		{5CCDE33E-B109-4977-B3C6-5B338C5EDEBA}.Release|iPhone.ActiveCfg = Release|Any CPU
		{5CCDE33E-B109-4977-B3C6-5B338C5EDEBA}.Release|iPhone.Build.0 = Release|Any CPU
		{5CCDE33E-B109-4977-B3C6-5B338C5EDEBA}.Release|iPhoneSimulator.ActiveCfg = Release|Any CPU
		{5CCDE33E-B109-4977-B3C6-5B338C5EDEBA}.Release|iPhoneSimulator.Build.0 = Release|Any CPU
		{5CCDE33E-B109-4977-B3C6-5B338C5EDEBA}.Release|x64.ActiveCfg = Release|Any CPU
		{5CCDE33E-B109-4977-B3C6-5B338C5EDEBA}.Release|x64.Build.0 = Release|Any CPU
		{5CCDE33E-B109-4977-B3C6-5B338C5EDEBA}.Release|x86.ActiveCfg = Release|Any CPU
		{5CCDE33E-B109-4977-B3C6-5B338C5EDEBA}.Release|x86.Build.0 = Release|Any CPU
		{13AE8740-21EC-4F13-8D23-854B8B3F5C43}.Debug|Any CPU.ActiveCfg = Debug|Any CPU
		{13AE8740-21EC-4F13-8D23-854B8B3F5C43}.Debug|Any CPU.Build.0 = Debug|Any CPU
		{13AE8740-21EC-4F13-8D23-854B8B3F5C43}.Debug|ARM.ActiveCfg = Debug|Any CPU
		{13AE8740-21EC-4F13-8D23-854B8B3F5C43}.Debug|ARM.Build.0 = Debug|Any CPU
		{13AE8740-21EC-4F13-8D23-854B8B3F5C43}.Debug|ARM64.ActiveCfg = Debug|Any CPU
		{13AE8740-21EC-4F13-8D23-854B8B3F5C43}.Debug|ARM64.Build.0 = Debug|Any CPU
		{13AE8740-21EC-4F13-8D23-854B8B3F5C43}.Debug|iPhone.ActiveCfg = Debug|Any CPU
		{13AE8740-21EC-4F13-8D23-854B8B3F5C43}.Debug|iPhone.Build.0 = Debug|Any CPU
		{13AE8740-21EC-4F13-8D23-854B8B3F5C43}.Debug|iPhoneSimulator.ActiveCfg = Debug|Any CPU
		{13AE8740-21EC-4F13-8D23-854B8B3F5C43}.Debug|iPhoneSimulator.Build.0 = Debug|Any CPU
		{13AE8740-21EC-4F13-8D23-854B8B3F5C43}.Debug|x64.ActiveCfg = Debug|Any CPU
		{13AE8740-21EC-4F13-8D23-854B8B3F5C43}.Debug|x64.Build.0 = Debug|Any CPU
		{13AE8740-21EC-4F13-8D23-854B8B3F5C43}.Debug|x86.ActiveCfg = Debug|Any CPU
		{13AE8740-21EC-4F13-8D23-854B8B3F5C43}.Debug|x86.Build.0 = Debug|Any CPU
		{13AE8740-21EC-4F13-8D23-854B8B3F5C43}.Release|Any CPU.ActiveCfg = Release|Any CPU
		{13AE8740-21EC-4F13-8D23-854B8B3F5C43}.Release|Any CPU.Build.0 = Release|Any CPU
		{13AE8740-21EC-4F13-8D23-854B8B3F5C43}.Release|ARM.ActiveCfg = Release|Any CPU
		{13AE8740-21EC-4F13-8D23-854B8B3F5C43}.Release|ARM.Build.0 = Release|Any CPU
		{13AE8740-21EC-4F13-8D23-854B8B3F5C43}.Release|ARM64.ActiveCfg = Release|Any CPU
		{13AE8740-21EC-4F13-8D23-854B8B3F5C43}.Release|ARM64.Build.0 = Release|Any CPU
		{13AE8740-21EC-4F13-8D23-854B8B3F5C43}.Release|iPhone.ActiveCfg = Release|Any CPU
		{13AE8740-21EC-4F13-8D23-854B8B3F5C43}.Release|iPhone.Build.0 = Release|Any CPU
		{13AE8740-21EC-4F13-8D23-854B8B3F5C43}.Release|iPhoneSimulator.ActiveCfg = Release|Any CPU
		{13AE8740-21EC-4F13-8D23-854B8B3F5C43}.Release|iPhoneSimulator.Build.0 = Release|Any CPU
		{13AE8740-21EC-4F13-8D23-854B8B3F5C43}.Release|x64.ActiveCfg = Release|Any CPU
		{13AE8740-21EC-4F13-8D23-854B8B3F5C43}.Release|x64.Build.0 = Release|Any CPU
		{13AE8740-21EC-4F13-8D23-854B8B3F5C43}.Release|x86.ActiveCfg = Release|Any CPU
		{13AE8740-21EC-4F13-8D23-854B8B3F5C43}.Release|x86.Build.0 = Release|Any CPU
	EndGlobalSection
	GlobalSection(SolutionProperties) = preSolution
		HideSolutionNode = FALSE
	EndGlobalSection
	GlobalSection(NestedProjects) = preSolution
		{849C8B8F-59BB-4A7B-82A0-8C560AA7AE01} = {5D1A3379-3838-4319-84D6-157C583F087E}
		{EB0A296E-0EB1-469F-9801-8F1F5A3B79B7} = {5D1A3379-3838-4319-84D6-157C583F087E}
		{624FC025-3623-430D-BCEA-66D107FFA64E} = {5D1A3379-3838-4319-84D6-157C583F087E}
		{67F5FD28-7BD0-45B1-B08B-105D8DB205D5} = {5D1A3379-3838-4319-84D6-157C583F087E}
		{5CCDE33E-B109-4977-B3C6-5B338C5EDEBA} = {6283F0E3-8711-4597-AE1F-77BC8E8E8717}
		{13AE8740-21EC-4F13-8D23-854B8B3F5C43} = {C130FD37-9E9C-404A-9BD0-C8EFB79ECA94}
	EndGlobalSection
	GlobalSection(ExtensibilityGlobals) = postSolution
		SolutionGuid = {1D50EEF3-73E0-4F87-8BEB-F347FE97E595}
	EndGlobalSection
EndGlobal
